
Microsoft Visual Studio Solution File, Format Version 12.00
# Visual Studio Version 16
VisualStudioVersion = 16.0.30907.101
MinimumVisualStudioVersion = 10.0.40219.1
Project("{FAE04EC0-301F-11D3-BF4B-00C04F79EFBC}") = "WebGentle.BookStore", "WebGentle.BookStore\WebGentle.BookStore.csproj", "{CD392EC3-BCB0-4E53-95A1-7283CC6D92FA}"
EndProject
Global
	GlobalSection(SolutionConfigurationPlatforms) = preSolution
		Debug|Any CPU = Debug|Any CPU
		Release|Any CPU = Release|Any CPU
	EndGlobalSection
	GlobalSection(ProjectConfigurationPlatforms) = postSolution
		{CD392EC3-BCB0-4E53-95A1-7283CC6D92FA}.Debug|Any CPU.ActiveCfg = Debug|Any CPU
		{CD392EC3-BCB0-4E53-95A1-7283CC6D92FA}.Debug|Any CPU.Build.0 = Debug|Any CPU
		{CD392EC3-BCB0-4E53-95A1-7283CC6D92FA}.Release|Any CPU.ActiveCfg = Release|Any CPU
		{CD392EC3-BCB0-4E53-95A1-7283CC6D92FA}.Release|Any CPU.Build.0 = Release|Any CPU
	EndGlobalSection
	GlobalSection(SolutionProperties) = preSolution
		HideSolutionNode = FALSE
	EndGlobalSection
	GlobalSection(ExtensibilityGlobals) = postSolution
		SolutionGuid = {2DBCBB2D-7134-485E-A5CB-366DC6A52FB3}
	EndGlobalSection
EndGlobal
